{
    "_meta": {
        "hash": {
            "sha256": "3b67e2188b64955a97dc58d44539328154ccdf4536e22a6a3b48affd5d7733ed"
        },
        "pipfile-spec": 6,
        "requires": {
            "python_version": "3.8"
        },
        "sources": [
            {
                "name": "pypi",
                "url": "https://pypi.org/simple",
                "verify_ssl": true
            }
        ]
    },
    "default": {
        "python-nmap": {
            "hashes": [
                "sha256:80ba0eb10a52283a54a633f40b5baa9c2ff08675d6621dd089ead942852f5bd3"
            ],
            "index": "pypi",
            "version": "==0.6.1"
        }
    },
    "develop": {}
}
